// !$*UTF8*$!
{
	archiveVersion = 1;
	classes = {
	};
	objectVersion = 50;
	objects = {

/* Begin PBXBuildFile section */
		DD741406211D7F8E006AA919 /* AppDelegate.swift in Sources */ = {isa = PBXBuildFile; fileRef = DD741405211D7F8E006AA919 /* AppDelegate.swift */; };
		DD741408211D7F8E006AA919 /* ViewController.swift in Sources */ = {isa = PBXBuildFile; fileRef = DD741407211D7F8E006AA919 /* ViewController.swift */; };
		DD74140B211D7F8E006AA919 /* Main.storyboard in Resources */ = {isa = PBXBuildFile; fileRef = DD741409211D7F8E006AA919 /* Main.storyboard */; };
		DD74140D211D7F8F006AA919 /* Assets.xcassets in Resources */ = {isa = PBXBuildFile; fileRef = DD74140C211D7F8F006AA919 /* Assets.xcassets */; };
		DD741410211D7F8F006AA919 /* LaunchScreen.storyboard in Resources */ = {isa = PBXBuildFile; fileRef = DD74140E211D7F8F006AA919 /* LaunchScreen.storyboard */; };
/* End PBXBuildFile section */

/* Begin PBXFileReference section */
		DD741402211D7F8E006AA919 /* MammaMiaOnePieceWorkPants.app */ = {isa = PBXFileReference; explicitFileType = wrapper.application; includeInIndex = 0; path = MammaMiaOnePieceWorkPants.app; sourceTree = BUILT_PRODUCTS_DIR; };
		DD741405211D7F8E006AA919 /* AppDelegate.swift */ = {isa = PBXFileReference; lastKnownFileType = sourcecode.swift; path = AppDelegate.swift; sourceTree = "<group>"; };
		DD741407211D7F8E006AA919 /* ViewController.swift */ = {isa = PBXFileReference; lastKnownFileType = sourcecode.swift; path = ViewController.swift; sourceTree = "<group>"; };
		DD74140A211D7F8E006AA919 /* Base */ = {isa = PBXFileReference; lastKnownFileType = file.storyboard; name = Base; path = Base.lproj/Main.storyboard; sourceTree = "<group>"; };
		DD74140C211D7F8F006AA919 /* Assets.xcassets */ = {isa = PBXFileReference; lastKnownFileType = folder.assetcatalog; path = Assets.xcassets; sourceTree = "<group>"; };
		DD74140F211D7F8F006AA919 /* Base */ = {isa = PBXFileReference; lastKnownFileType = file.storyboard; name = Base; path = Base.lproj/LaunchScreen.storyboard; sourceTree = "<group>"; };
		DD741411211D7F8F006AA919 /* Info.plist */ = {isa = PBXFileReference; lastKnownFileType = text.plist.xml; path = Info.plist; sourceTree = "<group>"; };
/* End PBXFileReference section */

/* Begin PBXFrameworksBuildPhase section */
		DD7413FF211D7F8E006AA919 /* Frameworks */ = {
			isa = PBXFrameworksBuildPhase;
			buildActionMask = 2147483647;
			files = (
			);
			runOnlyForDeploymentPostprocessing = 0;
		};
/* End PBXFrameworksBuildPhase section */

/* Begin PBXGroup section */
		DD7413F9211D7F8E006AA919 = {
			isa = PBXGroup;
			children = (
				DD741404211D7F8E006AA919 /* MammaMiaOnePieceWorkPants */,
				DD741403211D7F8E006AA919 /* Products */,
			);
			sourceTree = "<group>";
		};
		DD741403211D7F8E006AA919 /* Products */ = {
			isa = PBXGroup;
			children = (
				DD741402211D7F8E006AA919 /* MammaMiaOnePieceWorkPants.app */,
			);
			name = Products;
			sourceTree = "<group>";
		};
		DD741404211D7F8E006AA919 /* MammaMiaOnePieceWorkPants */ = {
			isa = PBXGroup;
			children = (
				DD741405211D7F8E006AA919 /* AppDelegate.swift */,
				DD741407211D7F8E006AA919 /* ViewController.swift */,
				DD741409211D7F8E006AA919 /* Main.storyboard */,
				DD74140C211D7F8F006AA919 /* Assets.xcassets */,
				DD74140E211D7F8F006AA919 /* LaunchScreen.storyboard */,
				DD741411211D7F8F006AA919 /* Info.plist */,
			);
			path = MammaMiaOnePieceWorkPants;
			sourceTree = "<group>";
		};
/* End PBXGroup section */

/* Begin PBXNativeTarget section */
		DD741401211D7F8E006AA919 /* MammaMiaOnePieceWorkPants */ = {
			isa = PBXNativeTarget;
			buildConfigurationList = DD741414211D7F8F006AA919 /* Build configuration list for PBXNativeTarget "MammaMiaOnePieceWorkPants" */;
			buildPhases = (
				DD7413FE211D7F8E006AA919 /* Sources */,
				DD7413FF211D7F8E006AA919 /* Frameworks */,
				DD741400211D7F8E006AA919 /* Resources */,
			);
			buildRules = (
			);
			dependencies = (
			);
			name = MammaMiaOnePieceWorkPants;
			productName = MammaMiaOnePieceWorkPants;
			productReference = DD741402211D7F8E006AA919 /* MammaMiaOnePieceWorkPants.app */;
			productType = "com.apple.product-type.application";
		};
/* End PBXNativeTarget section */

/* Begin PBXProject section */
		DD7413FA211D7F8E006AA919 /* Project object */ = {
			isa = PBXProject;
			attributes = {
				LastSwiftUpdateCheck = 0940;
				LastUpgradeCheck = 0940;
				ORGANIZATIONNAME = "Chang Sophia";
				TargetAttributes = {
					DD741401211D7F8E006AA919 = {
						CreatedOnToolsVersion = 9.4;
					};
				};
			};
			buildConfigurationList = DD7413FD211D7F8E006AA919 /* Build configuration list for PBXProject "MammaMiaOnePieceWorkPants" */;
			compatibilityVersion = "Xcode 9.3";
			developmentRegion = en;
			hasScannedForEncodings = 0;
			knownRegions = (
				en,
				Base,
			);
			mainGroup = DD7413F9211D7F8E006AA919;
			productRefGroup = DD741403211D7F8E006AA919 /* Products */;
			projectDirPath = "";
			projectRoot = "";
			targets = (
				DD741401211D7F8E006AA919 /* MammaMiaOnePieceWorkPants */,
			);
		};
/* End PBXProject section */

/* Begin PBXResourcesBuildPhase section */
		DD741400211D7F8E006AA919 /* Resources */ = {
			isa = PBXResourcesBuildPhase;
			buildActionMask = 2147483647;
			files = (
				DD741410211D7F8F006AA919 /* LaunchScreen.storyboard in Resources */,
				DD74140D211D7F8F006AA919 /* Assets.xcassets in Resources */,
				DD74140B211D7F8E006AA919 /* Main.storyboard in Resources */,
			);
			runOnlyForDeploymentPostprocessing = 0;
		};
/* End PBXResourcesBuildPhase section */

/* Begin PBXSourcesBuildPhase section */
		DD7413FE211D7F8E006AA919 /* Sources */ = {
			isa = PBXSourcesBuildPhase;
			buildActionMask = 2147483647;
			files = (
				DD741408211D7F8E006AA919 /* ViewController.swift in Sources */,
				DD741406211D7F8E006AA919 /* AppDelegate.swift in Sources */,
			);
			runOnlyForDeploymentPostprocessing = 0;
		};
/* End PBXSourcesBuildPhase section */

/* Begin PBXVariantGroup section */
		DD741409211D7F8E006AA919 /* Main.storyboard */ = {
			isa = PBXVariantGroup;
			children = (
				DD74140A211D7F8E006AA919 /* Base */,
			);
			name = Main.storyboard;
			sourceTree = "<group>";
		};
		DD74140E211D7F8F006AA919 /* LaunchScreen.storyboard */ = {
			isa = PBXVariantGroup;
			children = (
				DD74140F211D7F8F006AA919 /* Base */,
			);
			name = LaunchScreen.storyboard;
			sourceTree = "<group>";
		};
/* End PBXVariantGroup section */

/* Begin XCBuildConfiguration section */
		DD741412211D7F8F006AA919 /* Debug */ = {
			isa = XCBuildConfiguration;
			buildSettings = {
				ALWAYS_SEARCH_USER_PATHS = NO;
				CLANG_ANALYZER_NONNULL = YES;
				CLANG_ANALYZER_NUMBER_OBJECT_CONVERSION = YES_AGGRESSIVE;
				CLANG_CXX_LANGUAGE_STANDARD = "gnu++14";
				CLANG_CXX_LIBRARY = "libc++";
				CLANG_ENABLE_MODULES = YES;
				CLANG_ENABLE_OBJC_ARC = YES;
				CLANG_ENABLE_OBJC_WEAK = YES;
				CLANG_WARN_BLOCK_CAPTURE_AUTORELEASING = YES;
				CLANG_WARN_BOOL_CONVERSION = YES;
				CLANG_WARN_COMMA = YES;
				CLANG_WARN_CONSTANT_CONVERSION = YES;
				CLANG_WARN_DEPRECATED_OBJC_IMPLEMENTATIONS = YES;
				CLANG_WARN_DIRECT_OBJC_ISA_USAGE = YES_ERROR;
				CLANG_WARN_DOCUMENTATION_COMMENTS = YES;
				CLANG_WARN_EMPTY_BODY = YES;
				CLANG_WARN_ENUM_CONVERSION = YES;
				CLANG_WARN_INFINITE_RECURSION = YES;
				CLANG_WARN_INT_CONVERSION = YES;
				CLANG_WARN_NON_LITERAL_NULL_CONVERSION = YES;
				CLANG_WARN_OBJC_IMPLICIT_RETAIN_SELF = YES;
				CLANG_WARN_OBJC_LITERAL_CONVERSION = YES;
				CLANG_WARN_OBJC_ROOT_CLASS = YES_ERROR;
				CLANG_WARN_RANGE_LOOP_ANALYSIS = YES;
				CLANG_WARN_STRICT_PROTOTYPES = YES;
				CLANG_WARN_SUSPICIOUS_MOVE = YES;
				CLANG_WARN_UNGUARDED_AVAILABILITY = YES_AGGRESSIVE;
				CLANG_WARN_UNREACHABLE_CODE = YES;
				CLANG_WARN__DUPLICATE_METHOD_MATCH = YES;
				CODE_SIGN_IDENTITY = "iPhone Developer";
				COPY_PHASE_STRIP = NO;
				DEBUG_INFORMATION_FORMAT = dwarf;
				ENABLE_STRICT_OBJC_MSGSEND = YES;
				ENABLE_TESTABILITY = YES;
				GCC_C_LANGUAGE_STANDARD = gnu11;
				GCC_DYNAMIC_NO_PIC = NO;
				GCC_NO_COMMON_BLOCKS = YES;
				GCC_OPTIMIZATION_LEVEL = 0;
				GCC_PREPROCESSOR_DEFINITIONS = (
					"DEBUG=1",
					"$(inherited)",
				);
				GCC_WARN_64_TO_32_BIT_CONVERSION = YES;
				GCC_WARN_ABOUT_RETURN_TYPE = YES_ERROR;
				GCC_WARN_UNDECLARED_SELECTOR = YES;
				GCC_WARN_UNINITIALIZED_AUTOS = YES_AGGRESSIVE;
				GCC_WARN_UNUSED_FUNCTION = YES;
				GCC_WARN_UNUSED_VARIABLE = YES;
				IPHONEOS_DEPLOYMENT_TARGET = 11.4;
				MTL_ENABLE_DEBUG_INFO = YES;
				ONLY_ACTIVE_ARCH = YES;
				SDKROOT = iphoneos;
				SWIFT_ACTIVE_COMPILATION_CONDITIONS = DEBUG;
				SWIFT_OPTIMIZATION_LEVEL = "-Onone";
			};
			name = Debug;
		};
		DD741413211D7F8F006AA919 /* Release */ = {
			isa = XCBuildConfiguration;
			buildSettings = {
				ALWAYS_SEARCH_USER_PATHS = NO;
				CLANG_ANALYZER_NONNULL = YES;
				CLANG_ANALYZER_NUMBER_OBJECT_CONVERSION = YES_AGGRESSIVE;
				CLANG_CXX_LANGUAGE_STANDARD = "gnu++14";
				CLANG_CXX_LIBRARY = "libc++";
				CLANG_ENABLE_MODULES = YES;
				CLANG_ENABLE_OBJC_ARC = YES;
				CLANG_ENABLE_OBJC_WEAK = YES;
				CLANG_WARN_BLOCK_CAPTURE_AUTORELEASING = YES;
				CLANG_WARN_BOOL_CONVERSION = YES;
				CLANG_WARN_COMMA = YES;
				CLANG_WARN_CONSTANT_CONVERSION = YES;
				CLANG_WARN_DEPRECATED_OBJC_IMPLEMENTATIONS = YES;
				CLANG_WARN_DIRECT_OBJC_ISA_USAGE = YES_ERROR;
				CLANG_WARN_DOCUMENTATION_COMMENTS = YES;
				CLANG_WARN_EMPTY_BODY = YES;
				CLANG_WARN_ENUM_CONVERSION = YES;
				CLANG_WARN_INFINITE_RECURSION = YES;
				CLANG_WARN_INT_CONVERSION = YES;
				CLANG_WARN_NON_LITERAL_NULL_CONVERSION = YES;
				CLANG_WARN_OBJC_IMPLICIT_RETAIN_SELF = YES;
				CLANG_WARN_OBJC_LITERAL_CONVERSION = YES;
				CLANG_WARN_OBJC_ROOT_CLASS = YES_ERROR;
				CLANG_WARN_RANGE_LOOP_ANALYSIS = YES;
				CLANG_WARN_STRICT_PROTOTYPES = YES;
				CLANG_WARN_SUSPICIOUS_MOVE = YES;
				CLANG_WARN_UNGUARDED_AVAILABILITY = YES_AGGRESSIVE;
				CLANG_WARN_UNREACHABLE_CODE = YES;
				CLANG_WARN__DUPLICATE_METHOD_MATCH = YES;
				CODE_SIGN_IDENTITY = "iPhone Developer";
				COPY_PHASE_STRIP = NO;
				DEBUG_INFORMATION_FORMAT = "dwarf-with-dsym";
				ENABLE_NS_ASSERTIONS = NO;
				ENABLE_STRICT_OBJC_MSGSEND = YES;
				GCC_C_LANGUAGE_STANDARD = gnu11;
				GCC_NO_COMMON_BLOCKS = YES;
				GCC_WARN_64_TO_32_BIT_CONVERSION = YES;
				GCC_WARN_ABOUT_RETURN_TYPE = YES_ERROR;
				GCC_WARN_UNDECLARED_SELECTOR = YES;
				GCC_WARN_UNINITIALIZED_AUTOS = YES_AGGRESSIVE;
				GCC_WARN_UNUSED_FUNCTION = YES;
				GCC_WARN_UNUSED_VARIABLE = YES;
				IPHONEOS_DEPLOYMENT_TARGET = 11.4;
				MTL_ENABLE_DEBUG_INFO = NO;
				SDKROOT = iphoneos;
				SWIFT_COMPILATION_MODE = wholemodule;
				SWIFT_OPTIMIZATION_LEVEL = "-O";
				VALIDATE_PRODUCT = YES;
			};
			name = Release;
		};
		DD741415211D7F8F006AA919 /* Debug */ = {
			isa = XCBuildConfiguration;
			buildSettings = {
				ASSETCATALOG_COMPILER_APPICON_NAME = AppIcon;
				CODE_SIGN_STYLE = Automatic;
				DEVELOPMENT_TEAM = 3M66U64HQ4;
				INFOPLIST_FILE = MammaMiaOnePieceWorkPants/Info.plist;
				LD_RUNPATH_SEARCH_PATHS = (
					"$(inherited)",
					"@executable_path/Frameworks",
				);
				PRODUCT_BUNDLE_IDENTIFIER = com.gmb728.MammaMiaOnePieceWorkPants;
				PRODUCT_NAME = "$(TARGET_NAME)";
				SWIFT_VERSION = 4.0;
				TARGETED_DEVICE_FAMILY = "1,2";
			};
			name = Debug;
		};
		DD741416211D7F8F006AA919 /* Release */ = {
			isa = XCBuildConfiguration;
			buildSettings = {
				ASSETCATALOG_COMPILER_APPICON_NAME = AppIcon;
				CODE_SIGN_STYLE = Automatic;
				DEVELOPMENT_TEAM = 3M66U64HQ4;
				INFOPLIST_FILE = MammaMiaOnePieceWorkPants/Info.plist;
				LD_RUNPATH_SEARCH_PATHS = (
					"$(inherited)",
					"@executable_path/Frameworks",
				);
				PRODUCT_BUNDLE_IDENTIFIER = com.gmb728.MammaMiaOnePieceWorkPants;
				PRODUCT_NAME = "$(TARGET_NAME)";
				SWIFT_VERSION = 4.0;
				TARGETED_DEVICE_FAMILY = "1,2";
			};
			name = Release;
		};
/* End XCBuildConfiguration section */

/* Begin XCConfigurationList section */
		DD7413FD211D7F8E006AA919 /* Build configuration list for PBXProject "MammaMiaOnePieceWorkPants" */ = {
			isa = XCConfigurationList;
			buildConfigurations = (
				DD741412211D7F8F006AA919 /* Debug */,
				DD741413211D7F8F006AA919 /* Release */,
			);
			defaultConfigurationIsVisible = 0;
			defaultConfigurationName = Release;
		};
		DD741414211D7F8F006AA919 /* Build configuration list for PBXNativeTarget "MammaMiaOnePieceWorkPants" */ = {
			isa = XCConfigurationList;
			buildConfigurations = (
				DD741415211D7F8F006AA919 /* Debug */,
				DD741416211D7F8F006AA919 /* Release */,
			);
			defaultConfigurationIsVisible = 0;
			defaultConfigurationName = Release;
		};
/* End XCConfigurationList section */
	};
	rootObject = DD7413FA211D7F8E006AA919 /* Project object */;
}
